
Microsoft Visual Studio Solution File, Format Version 12.00
# Visual Studio Version 17
VisualStudioVersion = 17.7.34202.233
MinimumVisualStudioVersion = 10.0.40219.1
Project("{9A19103F-16F7-4668-BE54-9A1E7A4F7556}") = "DAMSecurity", "DAMSecurity\DAMSecurity.csproj", "{5F18A4BC-BD55-4D14-B7CA-C6945917276F}"
EndProject
Project("{9A19103F-16F7-4668-BE54-9A1E7A4F7556}") = "DAMSecurityLib", "DAMSecurityLib\DAMSecurityLib.csproj", "{220CDF85-771C-4577-BEBC-286027154A4C}"
EndProject
Project("{9A19103F-16F7-4668-BE54-9A1E7A4F7556}") = "DAMSecurityGUI", "DAMSecurityGUI\DAMSecurityGUI.csproj", "{E880C909-3357-4E19-8722-648BD039927B}"
EndProject
Project("{9A19103F-16F7-4668-BE54-9A1E7A4F7556}") = "DAMSecurityTest", "DAMSecurityTest\DAMSecurityTest.csproj", "{BF02E224-2A62-4DA6-8E1E-6F244A525DF1}"
EndProject
Project("{9A19103F-16F7-4668-BE54-9A1E7A4F7556}") = "DAMUtils", "DAMUtils\DAMUtils.csproj", "{63D5E319-F8B4-4A3C-936D-DDBF2C994CB4}"
EndProject
Global
	GlobalSection(SolutionConfigurationPlatforms) = preSolution
		Debug|Any CPU = Debug|Any CPU
		Release|Any CPU = Release|Any CPU
	EndGlobalSection
	GlobalSection(ProjectConfigurationPlatforms) = postSolution
		{5F18A4BC-BD55-4D14-B7CA-C6945917276F}.Debug|Any CPU.ActiveCfg = Debug|Any CPU
		{5F18A4BC-BD55-4D14-B7CA-C6945917276F}.Debug|Any CPU.Build.0 = Debug|Any CPU
		{5F18A4BC-BD55-4D14-B7CA-C6945917276F}.Release|Any CPU.ActiveCfg = Release|Any CPU
		{5F18A4BC-BD55-4D14-B7CA-C6945917276F}.Release|Any CPU.Build.0 = Release|Any CPU
		{220CDF85-771C-4577-BEBC-286027154A4C}.Debug|Any CPU.ActiveCfg = Debug|Any CPU
		{220CDF85-771C-4577-BEBC-286027154A4C}.Debug|Any CPU.Build.0 = Debug|Any CPU
		{220CDF85-771C-4577-BEBC-286027154A4C}.Release|Any CPU.ActiveCfg = Release|Any CPU
		{220CDF85-771C-4577-BEBC-286027154A4C}.Release|Any CPU.Build.0 = Release|Any CPU
		{E880C909-3357-4E19-8722-648BD039927B}.Debug|Any CPU.ActiveCfg = Debug|Any CPU
		{E880C909-3357-4E19-8722-648BD039927B}.Debug|Any CPU.Build.0 = Debug|Any CPU
		{E880C909-3357-4E19-8722-648BD039927B}.Release|Any CPU.ActiveCfg = Release|Any CPU
		{E880C909-3357-4E19-8722-648BD039927B}.Release|Any CPU.Build.0 = Release|Any CPU
		{BF02E224-2A62-4DA6-8E1E-6F244A525DF1}.Debug|Any CPU.ActiveCfg = Debug|Any CPU
		{BF02E224-2A62-4DA6-8E1E-6F244A525DF1}.Debug|Any CPU.Build.0 = Debug|Any CPU
		{BF02E224-2A62-4DA6-8E1E-6F244A525DF1}.Release|Any CPU.ActiveCfg = Release|Any CPU
		{BF02E224-2A62-4DA6-8E1E-6F244A525DF1}.Release|Any CPU.Build.0 = Release|Any CPU
		{63D5E319-F8B4-4A3C-936D-DDBF2C994CB4}.Debug|Any CPU.ActiveCfg = Debug|Any CPU
		{63D5E319-F8B4-4A3C-936D-DDBF2C994CB4}.Debug|Any CPU.Build.0 = Debug|Any CPU
		{63D5E319-F8B4-4A3C-936D-DDBF2C994CB4}.Release|Any CPU.ActiveCfg = Release|Any CPU
		{63D5E319-F8B4-4A3C-936D-DDBF2C994CB4}.Release|Any CPU.Build.0 = Release|Any CPU
	EndGlobalSection
	GlobalSection(SolutionProperties) = preSolution
		HideSolutionNode = FALSE
	EndGlobalSection
	GlobalSection(ExtensibilityGlobals) = postSolution
		SolutionGuid = {0D3C8239-C9A1-40AC-BC09-9A1E8AA43E0D}
	EndGlobalSection
EndGlobal
